// !$*UTF8*$!
{
	archiveVersion = 1;
	classes = {
	};
	objectVersion = 50;
	objects = {

/* Begin PBXBuildFile section */
		422C002B26235AB9008E9A18 /* AppDelegate.swift in Sources */ = {isa = PBXBuildFile; fileRef = 422C002A26235AB9008E9A18 /* AppDelegate.swift */; };
		422C002D26235AB9008E9A18 /* SceneDelegate.swift in Sources */ = {isa = PBXBuildFile; fileRef = 422C002C26235AB9008E9A18 /* SceneDelegate.swift */; };
		422C003426235ABA008E9A18 /* Assets.xcassets in Resources */ = {isa = PBXBuildFile; fileRef = 422C003326235ABA008E9A18 /* Assets.xcassets */; };
		422C003726235ABA008E9A18 /* LaunchScreen.storyboard in Resources */ = {isa = PBXBuildFile; fileRef = 422C003526235ABA008E9A18 /* LaunchScreen.storyboard */; };
		4239D2E4262F6E5600A42C50 /* City.swift in Sources */ = {isa = PBXBuildFile; fileRef = 4239D2E3262F6E5600A42C50 /* City.swift */; };
		4239D2E7262F6EAA00A42C50 /* MultiLanguageField.swift in Sources */ = {isa = PBXBuildFile; fileRef = 4239D2E6262F6EAA00A42C50 /* MultiLanguageField.swift */; };
		4239D2EA262F828700A42C50 /* LatLng.swift in Sources */ = {isa = PBXBuildFile; fileRef = 4239D2E9262F828700A42C50 /* LatLng.swift */; };
		4239D2ED262F834400A42C50 /* Province.swift in Sources */ = {isa = PBXBuildFile; fileRef = 4239D2EC262F834400A42C50 /* Province.swift */; };
		4239D2F3262F8A7900A42C50 /* ProvinceViewController.swift in Sources */ = {isa = PBXBuildFile; fileRef = 4239D2F1262F8A7900A42C50 /* ProvinceViewController.swift */; };
		4239D2F4262F8A7900A42C50 /* ProvinceViewController.xib in Resources */ = {isa = PBXBuildFile; fileRef = 4239D2F2262F8A7900A42C50 /* ProvinceViewController.xib */; };
		425B0D942630BE6400612435 /* ProvinceTableViewCell.swift in Sources */ = {isa = PBXBuildFile; fileRef = 425B0D922630BE6400612435 /* ProvinceTableViewCell.swift */; };
		425B0D952630BE6400612435 /* ProvinceTableViewCell.xib in Resources */ = {isa = PBXBuildFile; fileRef = 425B0D932630BE6400612435 /* ProvinceTableViewCell.xib */; };
		425B0D9A2630D91600612435 /* BeachCollectionViewCell.swift in Sources */ = {isa = PBXBuildFile; fileRef = 425B0D982630D91600612435 /* BeachCollectionViewCell.swift */; };
		425B0D9B2630D91600612435 /* BeachCollectionViewCell.xib in Resources */ = {isa = PBXBuildFile; fileRef = 425B0D992630D91600612435 /* BeachCollectionViewCell.xib */; };
		4279079226344B300063B822 /* MainCoordinator.swift in Sources */ = {isa = PBXBuildFile; fileRef = 4279079126344B300063B822 /* MainCoordinator.swift */; };
		42942051262643E60064547C /* BeachDetailViewController.swift in Sources */ = {isa = PBXBuildFile; fileRef = 4294204F262643E60064547C /* BeachDetailViewController.swift */; };
		42942052262643E60064547C /* BeachDetailViewController.xib in Resources */ = {isa = PBXBuildFile; fileRef = 42942050262643E60064547C /* BeachDetailViewController.xib */; };
		42942059262648390064547C /* CloudKit.framework in Frameworks */ = {isa = PBXBuildFile; fileRef = 42942058262648390064547C /* CloudKit.framework */; };
		42B71F6726235F54000B985B /* MainViewController.swift in Sources */ = {isa = PBXBuildFile; fileRef = 42B71F6526235F54000B985B /* MainViewController.swift */; };
		42B71F6826235F54000B985B /* MainViewController.xib in Resources */ = {isa = PBXBuildFile; fileRef = 42B71F6626235F54000B985B /* MainViewController.xib */; };
		42DC8289262CDE10008AE1B7 /* MapViewController.swift in Sources */ = {isa = PBXBuildFile; fileRef = 42DC8287262CDE10008AE1B7 /* MapViewController.swift */; };
		42DC828A262CDE10008AE1B7 /* MapViewController.xib in Resources */ = {isa = PBXBuildFile; fileRef = 42DC8288262CDE10008AE1B7 /* MapViewController.xib */; };
		42DC8291262CDEEB008AE1B7 /* MapTableViewCell.swift in Sources */ = {isa = PBXBuildFile; fileRef = 42DC828F262CDEEB008AE1B7 /* MapTableViewCell.swift */; };
		42DC8292262CDEEB008AE1B7 /* MapTableViewCell.xib in Resources */ = {isa = PBXBuildFile; fileRef = 42DC8290262CDEEB008AE1B7 /* MapTableViewCell.xib */; };
		42F579D0262377E30072EA67 /* Beach.swift in Sources */ = {isa = PBXBuildFile; fileRef = 42F579CF262377E30072EA67 /* Beach.swift */; };
		42F579D3262378320072EA67 /* DataViewModel.swift in Sources */ = {isa = PBXBuildFile; fileRef = 42F579D2262378320072EA67 /* DataViewModel.swift */; };
		42F579D72623826C0072EA67 /* Beaches.json in Resources */ = {isa = PBXBuildFile; fileRef = 42F579D62623826C0072EA67 /* Beaches.json */; };
		42F579DB262382D20072EA67 /* JSONReader.swift in Sources */ = {isa = PBXBuildFile; fileRef = 42F579DA262382D20072EA67 /* JSONReader.swift */; };
/* End PBXBuildFile section */

/* Begin PBXFileReference section */
		422C002726235AB9008E9A18 /* Hondartzak.app */ = {isa = PBXFileReference; explicitFileType = wrapper.application; includeInIndex = 0; path = Hondartzak.app; sourceTree = BUILT_PRODUCTS_DIR; };
		422C002A26235AB9008E9A18 /* AppDelegate.swift */ = {isa = PBXFileReference; lastKnownFileType = sourcecode.swift; path = AppDelegate.swift; sourceTree = "<group>"; };
		422C002C26235AB9008E9A18 /* SceneDelegate.swift */ = {isa = PBXFileReference; lastKnownFileType = sourcecode.swift; path = SceneDelegate.swift; sourceTree = "<group>"; };
		422C003326235ABA008E9A18 /* Assets.xcassets */ = {isa = PBXFileReference; lastKnownFileType = folder.assetcatalog; path = Assets.xcassets; sourceTree = "<group>"; };
		422C003626235ABA008E9A18 /* Base */ = {isa = PBXFileReference; lastKnownFileType = file.storyboard; name = Base; path = Base.lproj/LaunchScreen.storyboard; sourceTree = "<group>"; };
		422C003826235ABA008E9A18 /* Info.plist */ = {isa = PBXFileReference; lastKnownFileType = text.plist.xml; path = Info.plist; sourceTree = "<group>"; };
		4239D2E3262F6E5600A42C50 /* City.swift */ = {isa = PBXFileReference; lastKnownFileType = sourcecode.swift; path = City.swift; sourceTree = "<group>"; };
		4239D2E6262F6EAA00A42C50 /* MultiLanguageField.swift */ = {isa = PBXFileReference; lastKnownFileType = sourcecode.swift; path = MultiLanguageField.swift; sourceTree = "<group>"; };
		4239D2E9262F828700A42C50 /* LatLng.swift */ = {isa = PBXFileReference; lastKnownFileType = sourcecode.swift; path = LatLng.swift; sourceTree = "<group>"; };
		4239D2EC262F834400A42C50 /* Province.swift */ = {isa = PBXFileReference; lastKnownFileType = sourcecode.swift; path = Province.swift; sourceTree = "<group>"; };
		4239D2F1262F8A7900A42C50 /* ProvinceViewController.swift */ = {isa = PBXFileReference; lastKnownFileType = sourcecode.swift; path = ProvinceViewController.swift; sourceTree = "<group>"; };
		4239D2F2262F8A7900A42C50 /* ProvinceViewController.xib */ = {isa = PBXFileReference; lastKnownFileType = file.xib; path = ProvinceViewController.xib; sourceTree = "<group>"; };
		4242C7D82624F3990076599C /* README.md */ = {isa = PBXFileReference; lastKnownFileType = net.daringfireball.markdown; path = README.md; sourceTree = "<group>"; };
		425B0D922630BE6400612435 /* ProvinceTableViewCell.swift */ = {isa = PBXFileReference; lastKnownFileType = sourcecode.swift; path = ProvinceTableViewCell.swift; sourceTree = "<group>"; };
		425B0D932630BE6400612435 /* ProvinceTableViewCell.xib */ = {isa = PBXFileReference; lastKnownFileType = file.xib; path = ProvinceTableViewCell.xib; sourceTree = "<group>"; };
		425B0D982630D91600612435 /* BeachCollectionViewCell.swift */ = {isa = PBXFileReference; lastKnownFileType = sourcecode.swift; path = BeachCollectionViewCell.swift; sourceTree = "<group>"; };
		425B0D992630D91600612435 /* BeachCollectionViewCell.xib */ = {isa = PBXFileReference; lastKnownFileType = file.xib; path = BeachCollectionViewCell.xib; sourceTree = "<group>"; };
		4279079126344B300063B822 /* MainCoordinator.swift */ = {isa = PBXFileReference; lastKnownFileType = sourcecode.swift; path = MainCoordinator.swift; sourceTree = "<group>"; };
		4294204F262643E60064547C /* BeachDetailViewController.swift */ = {isa = PBXFileReference; lastKnownFileType = sourcecode.swift; path = BeachDetailViewController.swift; sourceTree = "<group>"; };
		42942050262643E60064547C /* BeachDetailViewController.xib */ = {isa = PBXFileReference; lastKnownFileType = file.xib; path = BeachDetailViewController.xib; sourceTree = "<group>"; };
		42942055262648210064547C /* Hondartzak.entitlements */ = {isa = PBXFileReference; lastKnownFileType = text.plist.entitlements; path = Hondartzak.entitlements; sourceTree = "<group>"; };
		42942058262648390064547C /* CloudKit.framework */ = {isa = PBXFileReference; lastKnownFileType = wrapper.framework; name = CloudKit.framework; path = System/Library/Frameworks/CloudKit.framework; sourceTree = SDKROOT; };
		42B71F6526235F54000B985B /* MainViewController.swift */ = {isa = PBXFileReference; lastKnownFileType = sourcecode.swift; path = MainViewController.swift; sourceTree = "<group>"; };
		42B71F6626235F54000B985B /* MainViewController.xib */ = {isa = PBXFileReference; lastKnownFileType = file.xib; path = MainViewController.xib; sourceTree = "<group>"; };
		42DC8287262CDE10008AE1B7 /* MapViewController.swift */ = {isa = PBXFileReference; lastKnownFileType = sourcecode.swift; path = MapViewController.swift; sourceTree = "<group>"; };
		42DC8288262CDE10008AE1B7 /* MapViewController.xib */ = {isa = PBXFileReference; lastKnownFileType = file.xib; path = MapViewController.xib; sourceTree = "<group>"; };
		42DC828F262CDEEB008AE1B7 /* MapTableViewCell.swift */ = {isa = PBXFileReference; lastKnownFileType = sourcecode.swift; path = MapTableViewCell.swift; sourceTree = "<group>"; };
		42DC8290262CDEEB008AE1B7 /* MapTableViewCell.xib */ = {isa = PBXFileReference; lastKnownFileType = file.xib; path = MapTableViewCell.xib; sourceTree = "<group>"; };
		42F579CF262377E30072EA67 /* Beach.swift */ = {isa = PBXFileReference; lastKnownFileType = sourcecode.swift; path = Beach.swift; sourceTree = "<group>"; };
		42F579D2262378320072EA67 /* DataViewModel.swift */ = {isa = PBXFileReference; lastKnownFileType = sourcecode.swift; path = DataViewModel.swift; sourceTree = "<group>"; };
		42F579D62623826C0072EA67 /* Beaches.json */ = {isa = PBXFileReference; lastKnownFileType = text.json; path = Beaches.json; sourceTree = "<group>"; };
		42F579DA262382D20072EA67 /* JSONReader.swift */ = {isa = PBXFileReference; lastKnownFileType = sourcecode.swift; path = JSONReader.swift; sourceTree = "<group>"; };
/* End PBXFileReference section */

/* Begin PBXFrameworksBuildPhase section */
		422C002426235AB9008E9A18 /* Frameworks */ = {
			isa = PBXFrameworksBuildPhase;
			buildActionMask = 2147483647;
			files = (
				42942059262648390064547C /* CloudKit.framework in Frameworks */,
			);
			runOnlyForDeploymentPostprocessing = 0;
		};
/* End PBXFrameworksBuildPhase section */

/* Begin PBXGroup section */
		422C001E26235AB9008E9A18 = {
			isa = PBXGroup;
			children = (
				4242C7D82624F3990076599C /* README.md */,
				422C002926235AB9008E9A18 /* Hondartzak */,
				422C002826235AB9008E9A18 /* Products */,
				42942057262648390064547C /* Frameworks */,
			);
			sourceTree = "<group>";
		};
		422C002826235AB9008E9A18 /* Products */ = {
			isa = PBXGroup;
			children = (
				422C002726235AB9008E9A18 /* Hondartzak.app */,
			);
			name = Products;
			sourceTree = "<group>";
		};
		422C002926235AB9008E9A18 /* Hondartzak */ = {
			isa = PBXGroup;
			children = (
				42942055262648210064547C /* Hondartzak.entitlements */,
				422C002A26235AB9008E9A18 /* AppDelegate.swift */,
				422C002C26235AB9008E9A18 /* SceneDelegate.swift */,
				4279078C26344B0D0063B822 /* Coordinator */,
				42B71F6B262363ED000B985B /* Models */,
				42F579D5262382510072EA67 /* LocalData */,
				42B71F6D262363FA000B985B /* ViewModels */,
				42B71F6C262363F3000B985B /* Views */,
				42B71F6E2623642D000B985B /* Controllers */,
				42DC828D262CDEAC008AE1B7 /* Cells */,
				422C003326235ABA008E9A18 /* Assets.xcassets */,
				422C003526235ABA008E9A18 /* LaunchScreen.storyboard */,
				422C003826235ABA008E9A18 /* Info.plist */,
			);
			path = Hondartzak;
			sourceTree = "<group>";
		};
		425B0D912630BE4600612435 /* ProvinceTableViewCell */ = {
			isa = PBXGroup;
			children = (
				425B0D922630BE6400612435 /* ProvinceTableViewCell.swift */,
				425B0D932630BE6400612435 /* ProvinceTableViewCell.xib */,
			);
			path = ProvinceTableViewCell;
			sourceTree = "<group>";
		};
		425B0D972630D8D800612435 /* BeachCollectionViewCell */ = {
			isa = PBXGroup;
			children = (
				425B0D982630D91600612435 /* BeachCollectionViewCell.swift */,
				425B0D992630D91600612435 /* BeachCollectionViewCell.xib */,
			);
			path = BeachCollectionViewCell;
			sourceTree = "<group>";
		};
		4279078C26344B0D0063B822 /* Coordinator */ = {
			isa = PBXGroup;
			children = (
				4279079126344B300063B822 /* MainCoordinator.swift */,
			);
			path = Coordinator;
			sourceTree = "<group>";
		};
		42942057262648390064547C /* Frameworks */ = {
			isa = PBXGroup;
			children = (
				42942058262648390064547C /* CloudKit.framework */,
			);
			name = Frameworks;
			sourceTree = "<group>";
		};
		42B71F6B262363ED000B985B /* Models */ = {
			isa = PBXGroup;
			children = (
				42F579CF262377E30072EA67 /* Beach.swift */,
				4239D2E3262F6E5600A42C50 /* City.swift */,
				4239D2E6262F6EAA00A42C50 /* MultiLanguageField.swift */,
				4239D2E9262F828700A42C50 /* LatLng.swift */,
				4239D2EC262F834400A42C50 /* Province.swift */,
			);
			path = Models;
			sourceTree = "<group>";
		};
		42B71F6C262363F3000B985B /* Views */ = {
			isa = PBXGroup;
			children = (
				42B71F6626235F54000B985B /* MainViewController.xib */,
				4239D2F2262F8A7900A42C50 /* ProvinceViewController.xib */,
				42942050262643E60064547C /* BeachDetailViewController.xib */,
				42DC8288262CDE10008AE1B7 /* MapViewController.xib */,
			);
			path = Views;
			sourceTree = "<group>";
		};
		42B71F6D262363FA000B985B /* ViewModels */ = {
			isa = PBXGroup;
			children = (
				42F579D2262378320072EA67 /* DataViewModel.swift */,
			);
			path = ViewModels;
			sourceTree = "<group>";
		};
		42B71F6E2623642D000B985B /* Controllers */ = {
			isa = PBXGroup;
			children = (
				42B71F6526235F54000B985B /* MainViewController.swift */,
				4239D2F1262F8A7900A42C50 /* ProvinceViewController.swift */,
				4294204F262643E60064547C /* BeachDetailViewController.swift */,
				42DC8287262CDE10008AE1B7 /* MapViewController.swift */,
			);
			path = Controllers;
			sourceTree = "<group>";
		};
		42DC828D262CDEAC008AE1B7 /* Cells */ = {
			isa = PBXGroup;
			children = (
				425B0D972630D8D800612435 /* BeachCollectionViewCell */,
				425B0D912630BE4600612435 /* ProvinceTableViewCell */,
				42DC828E262CDECB008AE1B7 /* MapTableViewCell */,
			);
			path = Cells;
			sourceTree = "<group>";
		};
		42DC828E262CDECB008AE1B7 /* MapTableViewCell */ = {
			isa = PBXGroup;
			children = (
				42DC828F262CDEEB008AE1B7 /* MapTableViewCell.swift */,
				42DC8290262CDEEB008AE1B7 /* MapTableViewCell.xib */,
			);
			path = MapTableViewCell;
			sourceTree = "<group>";
		};
		42F579D5262382510072EA67 /* LocalData */ = {
			isa = PBXGroup;
			children = (
				42F579DA262382D20072EA67 /* JSONReader.swift */,
				42F579D62623826C0072EA67 /* Beaches.json */,
			);
			path = LocalData;
			sourceTree = "<group>";
		};
/* End PBXGroup section */

/* Begin PBXNativeTarget section */
		422C002626235AB9008E9A18 /* Hondartzak */ = {
			isa = PBXNativeTarget;
			buildConfigurationList = 422C003B26235ABA008E9A18 /* Build configuration list for PBXNativeTarget "Hondartzak" */;
			buildPhases = (
				422C002326235AB9008E9A18 /* Sources */,
				422C002426235AB9008E9A18 /* Frameworks */,
				422C002526235AB9008E9A18 /* Resources */,
			);
			buildRules = (
			);
			dependencies = (
			);
			name = Hondartzak;
			productName = Hondartzak;
			productReference = 422C002726235AB9008E9A18 /* Hondartzak.app */;
			productType = "com.apple.product-type.application";
		};
/* End PBXNativeTarget section */

/* Begin PBXProject section */
		422C001F26235AB9008E9A18 /* Project object */ = {
			isa = PBXProject;
			attributes = {
				LastSwiftUpdateCheck = 1240;
				LastUpgradeCheck = 1240;
				TargetAttributes = {
					422C002626235AB9008E9A18 = {
						CreatedOnToolsVersion = 12.4;
					};
				};
			};
			buildConfigurationList = 422C002226235AB9008E9A18 /* Build configuration list for PBXProject "Hondartzak" */;
			compatibilityVersion = "Xcode 9.3";
			developmentRegion = en;
			hasScannedForEncodings = 0;
			knownRegions = (
				en,
				Base,
			);
			mainGroup = 422C001E26235AB9008E9A18;
			productRefGroup = 422C002826235AB9008E9A18 /* Products */;
			projectDirPath = "";
			projectRoot = "";
			targets = (
				422C002626235AB9008E9A18 /* Hondartzak */,
			);
		};
/* End PBXProject section */

/* Begin PBXResourcesBuildPhase section */
		422C002526235AB9008E9A18 /* Resources */ = {
			isa = PBXResourcesBuildPhase;
			buildActionMask = 2147483647;
			files = (
				425B0D9B2630D91600612435 /* BeachCollectionViewCell.xib in Resources */,
				4239D2F4262F8A7900A42C50 /* ProvinceViewController.xib in Resources */,
				422C003726235ABA008E9A18 /* LaunchScreen.storyboard in Resources */,
				42DC828A262CDE10008AE1B7 /* MapViewController.xib in Resources */,
				425B0D952630BE6400612435 /* ProvinceTableViewCell.xib in Resources */,
				42B71F6826235F54000B985B /* MainViewController.xib in Resources */,
				422C003426235ABA008E9A18 /* Assets.xcassets in Resources */,
				42DC8292262CDEEB008AE1B7 /* MapTableViewCell.xib in Resources */,
				42942052262643E60064547C /* BeachDetailViewController.xib in Resources */,
				42F579D72623826C0072EA67 /* Beaches.json in Resources */,
			);
			runOnlyForDeploymentPostprocessing = 0;
		};
/* End PBXResourcesBuildPhase section */

/* Begin PBXSourcesBuildPhase section */
		422C002326235AB9008E9A18 /* Sources */ = {
			isa = PBXSourcesBuildPhase;
			buildActionMask = 2147483647;
			files = (
				4239D2E7262F6EAA00A42C50 /* MultiLanguageField.swift in Sources */,
				422C002B26235AB9008E9A18 /* AppDelegate.swift in Sources */,
				425B0D9A2630D91600612435 /* BeachCollectionViewCell.swift in Sources */,
				42F579D3262378320072EA67 /* DataViewModel.swift in Sources */,
				42DC8291262CDEEB008AE1B7 /* MapTableViewCell.swift in Sources */,
				425B0D942630BE6400612435 /* ProvinceTableViewCell.swift in Sources */,
				4239D2F3262F8A7900A42C50 /* ProvinceViewController.swift in Sources */,
				4279079226344B300063B822 /* MainCoordinator.swift in Sources */,
				42F579D0262377E30072EA67 /* Beach.swift in Sources */,
				4239D2EA262F828700A42C50 /* LatLng.swift in Sources */,
				422C002D26235AB9008E9A18 /* SceneDelegate.swift in Sources */,
				42942051262643E60064547C /* BeachDetailViewController.swift in Sources */,
				4239D2ED262F834400A42C50 /* Province.swift in Sources */,
				4239D2E4262F6E5600A42C50 /* City.swift in Sources */,
				42F579DB262382D20072EA67 /* JSONReader.swift in Sources */,
				42B71F6726235F54000B985B /* MainViewController.swift in Sources */,
				42DC8289262CDE10008AE1B7 /* MapViewController.swift in Sources */,
			);
			runOnlyForDeploymentPostprocessing = 0;
		};
/* End PBXSourcesBuildPhase section */

/* Begin PBXVariantGroup section */
		422C003526235ABA008E9A18 /* LaunchScreen.storyboard */ = {
			isa = PBXVariantGroup;
			children = (
				422C003626235ABA008E9A18 /* Base */,
			);
			name = LaunchScreen.storyboard;
			sourceTree = "<group>";
		};
/* End PBXVariantGroup section */

/* Begin XCBuildConfiguration section */
		422C003926235ABA008E9A18 /* Debug */ = {
			isa = XCBuildConfiguration;
			buildSettings = {
				ALWAYS_SEARCH_USER_PATHS = NO;
				CLANG_ANALYZER_NONNULL = YES;
				CLANG_ANALYZER_NUMBER_OBJECT_CONVERSION = YES_AGGRESSIVE;
				CLANG_CXX_LANGUAGE_STANDARD = "gnu++14";
				CLANG_CXX_LIBRARY = "libc++";
				CLANG_ENABLE_MODULES = YES;
				CLANG_ENABLE_OBJC_ARC = YES;
				CLANG_ENABLE_OBJC_WEAK = YES;
				CLANG_WARN_BLOCK_CAPTURE_AUTORELEASING = YES;
				CLANG_WARN_BOOL_CONVERSION = YES;
				CLANG_WARN_COMMA = YES;
				CLANG_WARN_CONSTANT_CONVERSION = YES;
				CLANG_WARN_DEPRECATED_OBJC_IMPLEMENTATIONS = YES;
				CLANG_WARN_DIRECT_OBJC_ISA_USAGE = YES_ERROR;
				CLANG_WARN_DOCUMENTATION_COMMENTS = YES;
				CLANG_WARN_EMPTY_BODY = YES;
				CLANG_WARN_ENUM_CONVERSION = YES;
				CLANG_WARN_INFINITE_RECURSION = YES;
				CLANG_WARN_INT_CONVERSION = YES;
				CLANG_WARN_NON_LITERAL_NULL_CONVERSION = YES;
				CLANG_WARN_OBJC_IMPLICIT_RETAIN_SELF = YES;
				CLANG_WARN_OBJC_LITERAL_CONVERSION = YES;
				CLANG_WARN_OBJC_ROOT_CLASS = YES_ERROR;
				CLANG_WARN_QUOTED_INCLUDE_IN_FRAMEWORK_HEADER = YES;
				CLANG_WARN_RANGE_LOOP_ANALYSIS = YES;
				CLANG_WARN_STRICT_PROTOTYPES = YES;
				CLANG_WARN_SUSPICIOUS_MOVE = YES;
				CLANG_WARN_UNGUARDED_AVAILABILITY = YES_AGGRESSIVE;
				CLANG_WARN_UNREACHABLE_CODE = YES;
				CLANG_WARN__DUPLICATE_METHOD_MATCH = YES;
				COPY_PHASE_STRIP = NO;
				DEBUG_INFORMATION_FORMAT = dwarf;
				ENABLE_STRICT_OBJC_MSGSEND = YES;
				ENABLE_TESTABILITY = YES;
				GCC_C_LANGUAGE_STANDARD = gnu11;
				GCC_DYNAMIC_NO_PIC = NO;
				GCC_NO_COMMON_BLOCKS = YES;
				GCC_OPTIMIZATION_LEVEL = 0;
				GCC_PREPROCESSOR_DEFINITIONS = (
					"DEBUG=1",
					"$(inherited)",
				);
				GCC_WARN_64_TO_32_BIT_CONVERSION = YES;
				GCC_WARN_ABOUT_RETURN_TYPE = YES_ERROR;
				GCC_WARN_UNDECLARED_SELECTOR = YES;
				GCC_WARN_UNINITIALIZED_AUTOS = YES_AGGRESSIVE;
				GCC_WARN_UNUSED_FUNCTION = YES;
				GCC_WARN_UNUSED_VARIABLE = YES;
				IPHONEOS_DEPLOYMENT_TARGET = 14.4;
				MTL_ENABLE_DEBUG_INFO = INCLUDE_SOURCE;
				MTL_FAST_MATH = YES;
				ONLY_ACTIVE_ARCH = YES;
				SDKROOT = iphoneos;
				SWIFT_ACTIVE_COMPILATION_CONDITIONS = DEBUG;
				SWIFT_OPTIMIZATION_LEVEL = "-Onone";
			};
			name = Debug;
		};
		422C003A26235ABA008E9A18 /* Release */ = {
			isa = XCBuildConfiguration;
			buildSettings = {
				ALWAYS_SEARCH_USER_PATHS = NO;
				CLANG_ANALYZER_NONNULL = YES;
				CLANG_ANALYZER_NUMBER_OBJECT_CONVERSION = YES_AGGRESSIVE;
				CLANG_CXX_LANGUAGE_STANDARD = "gnu++14";
				CLANG_CXX_LIBRARY = "libc++";
				CLANG_ENABLE_MODULES = YES;
				CLANG_ENABLE_OBJC_ARC = YES;
				CLANG_ENABLE_OBJC_WEAK = YES;
				CLANG_WARN_BLOCK_CAPTURE_AUTORELEASING = YES;
				CLANG_WARN_BOOL_CONVERSION = YES;
				CLANG_WARN_COMMA = YES;
				CLANG_WARN_CONSTANT_CONVERSION = YES;
				CLANG_WARN_DEPRECATED_OBJC_IMPLEMENTATIONS = YES;
				CLANG_WARN_DIRECT_OBJC_ISA_USAGE = YES_ERROR;
				CLANG_WARN_DOCUMENTATION_COMMENTS = YES;
				CLANG_WARN_EMPTY_BODY = YES;
				CLANG_WARN_ENUM_CONVERSION = YES;
				CLANG_WARN_INFINITE_RECURSION = YES;
				CLANG_WARN_INT_CONVERSION = YES;
				CLANG_WARN_NON_LITERAL_NULL_CONVERSION = YES;
				CLANG_WARN_OBJC_IMPLICIT_RETAIN_SELF = YES;
				CLANG_WARN_OBJC_LITERAL_CONVERSION = YES;
				CLANG_WARN_OBJC_ROOT_CLASS = YES_ERROR;
				CLANG_WARN_QUOTED_INCLUDE_IN_FRAMEWORK_HEADER = YES;
				CLANG_WARN_RANGE_LOOP_ANALYSIS = YES;
				CLANG_WARN_STRICT_PROTOTYPES = YES;
				CLANG_WARN_SUSPICIOUS_MOVE = YES;
				CLANG_WARN_UNGUARDED_AVAILABILITY = YES_AGGRESSIVE;
				CLANG_WARN_UNREACHABLE_CODE = YES;
				CLANG_WARN__DUPLICATE_METHOD_MATCH = YES;
				COPY_PHASE_STRIP = NO;
				DEBUG_INFORMATION_FORMAT = "dwarf-with-dsym";
				ENABLE_NS_ASSERTIONS = NO;
				ENABLE_STRICT_OBJC_MSGSEND = YES;
				GCC_C_LANGUAGE_STANDARD = gnu11;
				GCC_NO_COMMON_BLOCKS = YES;
				GCC_WARN_64_TO_32_BIT_CONVERSION = YES;
				GCC_WARN_ABOUT_RETURN_TYPE = YES_ERROR;
				GCC_WARN_UNDECLARED_SELECTOR = YES;
				GCC_WARN_UNINITIALIZED_AUTOS = YES_AGGRESSIVE;
				GCC_WARN_UNUSED_FUNCTION = YES;
				GCC_WARN_UNUSED_VARIABLE = YES;
				IPHONEOS_DEPLOYMENT_TARGET = 14.4;
				MTL_ENABLE_DEBUG_INFO = NO;
				MTL_FAST_MATH = YES;
				SDKROOT = iphoneos;
				SWIFT_COMPILATION_MODE = wholemodule;
				SWIFT_OPTIMIZATION_LEVEL = "-O";
				VALIDATE_PRODUCT = YES;
			};
			name = Release;
		};
		422C003C26235ABA008E9A18 /* Debug */ = {
			isa = XCBuildConfiguration;
			buildSettings = {
				ASSETCATALOG_COMPILER_APPICON_NAME = AppIcon;
				ASSETCATALOG_COMPILER_GLOBAL_ACCENT_COLOR_NAME = AccentColor;
				CODE_SIGN_ENTITLEMENTS = Hondartzak/Hondartzak.entitlements;
				CODE_SIGN_STYLE = Automatic;
				DEVELOPMENT_TEAM = V9WUS7ZBGW;
				INFOPLIST_FILE = Hondartzak/Info.plist;
				IPHONEOS_DEPLOYMENT_TARGET = 11.0;
				LD_RUNPATH_SEARCH_PATHS = (
					"$(inherited)",
					"@executable_path/Frameworks",
				);
				PRODUCT_BUNDLE_IDENTIFIER = eus.aitorzubizarreta.Hondartzak;
				PRODUCT_NAME = "$(TARGET_NAME)";
				SWIFT_VERSION = 5.0;
				TARGETED_DEVICE_FAMILY = 1;
			};
			name = Debug;
		};
		422C003D26235ABA008E9A18 /* Release */ = {
			isa = XCBuildConfiguration;
			buildSettings = {
				ASSETCATALOG_COMPILER_APPICON_NAME = AppIcon;
				ASSETCATALOG_COMPILER_GLOBAL_ACCENT_COLOR_NAME = AccentColor;
				CODE_SIGN_ENTITLEMENTS = Hondartzak/Hondartzak.entitlements;
				CODE_SIGN_STYLE = Automatic;
				DEVELOPMENT_TEAM = V9WUS7ZBGW;
				INFOPLIST_FILE = Hondartzak/Info.plist;
				IPHONEOS_DEPLOYMENT_TARGET = 11.0;
				LD_RUNPATH_SEARCH_PATHS = (
					"$(inherited)",
					"@executable_path/Frameworks",
				);
				PRODUCT_BUNDLE_IDENTIFIER = eus.aitorzubizarreta.Hondartzak;
				PRODUCT_NAME = "$(TARGET_NAME)";
				SWIFT_VERSION = 5.0;
				TARGETED_DEVICE_FAMILY = 1;
			};
			name = Release;
		};
/* End XCBuildConfiguration section */

/* Begin XCConfigurationList section */
		422C002226235AB9008E9A18 /* Build configuration list for PBXProject "Hondartzak" */ = {
			isa = XCConfigurationList;
			buildConfigurations = (
				422C003926235ABA008E9A18 /* Debug */,
				422C003A26235ABA008E9A18 /* Release */,
			);
			defaultConfigurationIsVisible = 0;
			defaultConfigurationName = Release;
		};
		422C003B26235ABA008E9A18 /* Build configuration list for PBXNativeTarget "Hondartzak" */ = {
			isa = XCConfigurationList;
			buildConfigurations = (
				422C003C26235ABA008E9A18 /* Debug */,
				422C003D26235ABA008E9A18 /* Release */,
			);
			defaultConfigurationIsVisible = 0;
			defaultConfigurationName = Release;
		};
/* End XCConfigurationList section */
	};
	rootObject = 422C001F26235AB9008E9A18 /* Project object */;
}
